<?xml version="1.0" encoding="utf-8"?>
<Project ToolsVersion="4.0" xmlns="http://schemas.microsoft.com/developer/msbuild/2003">
  <ItemGroup>
    <Filter Include="소스 파일">
      <UniqueIdentifier>{4FC737F1-C7A5-4376-A066-2A32D752A2FF}</UniqueIdentifier>
      <Extensions>cpp;c;cc;cxx;def;odl;idl;hpj;bat;asm;asmx</Extensions>
    </Filter>
    <Filter Include="헤더 파일">
      <UniqueIdentifier>{93995380-89BD-4b04-88EB-625FBE52EBFB}</UniqueIdentifier>
      <Extensions>h;hh;hpp;hxx;hm;inl;inc;ipp;xsd</Extensions>
    </Filter>
    <Filter Include="리소스 파일">
      <UniqueIdentifier>{67DA6AB6-F800-4c08-8B7A-83BB121AAD01}</UniqueIdentifier>
      <Extensions>rc;ico;cur;bmp;dlg;rc2;rct;bin;rgs;gif;jpg;jpeg;jpe;resx;tiff;tif;png;wav;mfcribbon-ms</Extensions>
    </Filter>
    <Filter Include="Math">
      <UniqueIdentifier>{205812f8-ef98-4ed6-ab72-718054816035}</UniqueIdentifier>
    </Filter>
    <Filter Include="Math\Vector">
      <UniqueIdentifier>{c16f3a20-3fa6-40cb-8027-b8ba2f6ed7b5}</UniqueIdentifier>
    </Filter>
    <Filter Include="Math\Matrix">
      <UniqueIdentifier>{726d10b3-bf07-493a-a1fe-ddc1d29611ac}</UniqueIdentifier>
    </Filter>
    <Filter Include="Math\Quaternion">
      <UniqueIdentifier>{10f9a009-df50-419a-8cf8-3b623518ae0a}</UniqueIdentifier>
    </Filter>
  </ItemGroup>
  <ItemGroup>
    <ClInclude Include="shootingStar.h">
      <Filter>헤더 파일</Filter>
    </ClInclude>
    <ClInclude Include="Math\Vector2.h">
      <Filter>Math\Vector</Filter>
    </ClInclude>
    <ClInclude Include="Math\Vector3.h">
      <Filter>Math\Vector</Filter>
    </ClInclude>
    <ClInclude Include="Math\Vector4.h">
      <Filter>Math\Vector</Filter>
    </ClInclude>
    <ClInclude Include="Math\Matrix4x4.h">
      <Filter>Math\Matrix</Filter>
    </ClInclude>
    <ClInclude Include="Math\Quaternion.h">
      <Filter>Math\Quaternion</Filter>
    </ClInclude>
    <ClInclude Include="Math\math_func.h">
      <Filter>Math</Filter>
    </ClInclude>
  </ItemGroup>
  <ItemGroup>
    <ClCompile Include="main.cpp">
      <Filter>소스 파일</Filter>
    </ClCompile>
    <ClCompile Include="Math\Vector2.cpp">
      <Filter>Math\Vector</Filter>
    </ClCompile>
    <ClCompile Include="Math\Vector3.cpp">
      <Filter>Math\Vector</Filter>
    </ClCompile>
    <ClCompile Include="Math\Vector4.cpp">
      <Filter>Math\Vector</Filter>
    </ClCompile>
    <ClCompile Include="Math\Matrix4x4.cpp">
      <Filter>Math\Matrix</Filter>
    </ClCompile>
    <ClCompile Include="Math\Quaternion.cpp">
      <Filter>Math\Quaternion</Filter>
    </ClCompile>
  </ItemGroup>
</Project>